
Microsoft Visual Studio Solution File, Format Version 12.00
# Visual Studio Version 16
VisualStudioVersion = 16.0.30517.126
MinimumVisualStudioVersion = 10.0.40219.1
Project("{FAE04EC0-301F-11D3-BF4B-00C04F79EFBC}") = "LabForm", "LabForm.csproj", "{C10D3F03-8524-44EB-8BC5-BDF1C118937B}"
EndProject
Project("{FAE04EC0-301F-11D3-BF4B-00C04F79EFBC}") = "SequenceLibrary", "..\SequenceLibrary\SequenceLibrary.csproj", "{3A55876A-3ECD-4588-8107-54CC139696FD}"
EndProject
Global
	GlobalSection(SolutionConfigurationPlatforms) = preSolution
		Debug|Any CPU = Debug|Any CPU
		Release|Any CPU = Release|Any CPU
	EndGlobalSection
	GlobalSection(ProjectConfigurationPlatforms) = postSolution
		{C10D3F03-8524-44EB-8BC5-BDF1C118937B}.Debug|Any CPU.ActiveCfg = Debug|Any CPU
		{C10D3F03-8524-44EB-8BC5-BDF1C118937B}.Debug|Any CPU.Build.0 = Debug|Any CPU
		{C10D3F03-8524-44EB-8BC5-BDF1C118937B}.Release|Any CPU.ActiveCfg = Release|Any CPU
		{C10D3F03-8524-44EB-8BC5-BDF1C118937B}.Release|Any CPU.Build.0 = Release|Any CPU
		{3A55876A-3ECD-4588-8107-54CC139696FD}.Debug|Any CPU.ActiveCfg = Debug|Any CPU
		{3A55876A-3ECD-4588-8107-54CC139696FD}.Debug|Any CPU.Build.0 = Debug|Any CPU
		{3A55876A-3ECD-4588-8107-54CC139696FD}.Release|Any CPU.ActiveCfg = Release|Any CPU
		{3A55876A-3ECD-4588-8107-54CC139696FD}.Release|Any CPU.Build.0 = Release|Any CPU
	EndGlobalSection
	GlobalSection(SolutionProperties) = preSolution
		HideSolutionNode = FALSE
	EndGlobalSection
	GlobalSection(ExtensibilityGlobals) = postSolution
		SolutionGuid = {912BCDC3-4F4B-4817-AFC4-D0EB62E6AD96}
	EndGlobalSection
EndGlobal
